
Microsoft Visual Studio Solution File, Format Version 12.00
# Visual Studio 15
VisualStudioVersion = 15.0.26430.6
MinimumVisualStudioVersion = 10.0.40219.1
Project("{2150E333-8FDC-42A3-9474-1A3956D46DE8}") = "src", "src", "{0CA2F610-6D57-4D1F-92E3-EDCCEDAD8297}"
EndProject
Project("{2150E333-8FDC-42A3-9474-1A3956D46DE8}") = "Solution Items", "Solution Items", "{F72DED29-7BF7-4870-81B4-7AFE91270530}"
	ProjectSection(SolutionItems) = preProject
		LICENSE = LICENSE
		README.md = README.md
		Repository.md = Repository.md
		.github\workflows\dotnetcore.yml = .github\workflows\dotnetcore.yml
	EndProjectSection
EndProject
Project("{9A19103F-16F7-4668-BE54-9A1E7A4F7556}") = "eQuantic.Core.Data", "src\eQuantic.Core.Data\eQuantic.Core.Data.csproj", "{CB16F7E3-5CCA-4346-89F0-6E1CDEB81DFC}"
EndProject
Project("{FAE04EC0-301F-11D3-BF4B-00C04F79EFBC}") = "eQuantic.Core.Data.MongoDb", "src\eQuantic.Core.Data.MongoDb\eQuantic.Core.Data.MongoDb.csproj", "{5CD06703-8195-4205-8C4D-63A42F45E401}"
EndProject
Project("{2150E333-8FDC-42A3-9474-1A3956D46DE8}") = "tests", "tests", "{0AB3BF05-4346-4AA6-1389-037BE0695223}"
EndProject
Project("{FAE04EC0-301F-11D3-BF4B-00C04F79EFBC}") = "eQuantic.Core.Data.MongoDb.Tests", "tests\eQuantic.Core.Data.MongoDb.Tests\eQuantic.Core.Data.MongoDb.Tests.csproj", "{6BD9B78A-6061-4E30-8229-9482CB3D5DB5}"
EndProject
Project("{FAE04EC0-301F-11D3-BF4B-00C04F79EFBC}") = "eQuantic.Core.Data.CosmosDb", "src\eQuantic.Core.Data.CosmosDb\eQuantic.Core.Data.CosmosDb.csproj", "{A938B4C7-A56E-4F10-A56A-9F3F1998FC1F}"
EndProject
Project("{FAE04EC0-301F-11D3-BF4B-00C04F79EFBC}") = "eQuantic.Core.Data.CosmosDb.Tests", "tests\eQuantic.Core.Data.CosmosDb.Tests\eQuantic.Core.Data.CosmosDb.Tests.csproj", "{0AFDD3EC-93B7-4EEA-B384-064DD8FF4010}"
EndProject
Project("{FAE04EC0-301F-11D3-BF4B-00C04F79EFBC}") = "eQuantic.Core.Data.Cassandra", "src\eQuantic.Core.Data.Cassandra\eQuantic.Core.Data.Cassandra.csproj", "{E0C6418A-0955-494D-ABDA-0F385E720802}"
EndProject
Project("{FAE04EC0-301F-11D3-BF4B-00C04F79EFBC}") = "eQuantic.Core.Data.Cassandra.Tests", "tests\eQuantic.Core.Data.Cassandra.Tests\eQuantic.Core.Data.Cassandra.Tests.csproj", "{E705A7AD-5776-4268-902F-F4E563BD653E}"
EndProject
Project("{FAE04EC0-301F-11D3-BF4B-00C04F79EFBC}") = "eQuantic.Core.Data.Tests", "tests\eQuantic.Core.Data.Tests\eQuantic.Core.Data.Tests.csproj", "{0A620774-113D-4F24-8CEA-F66FB9AA7148}"
EndProject
Project("{2150E333-8FDC-42A3-9474-1A3956D46DE8}") = "benchmarks", "benchmarks", "{66320409-64EC-F7C5-3DEF-65E7510DAAD1}"
EndProject
Project("{FAE04EC0-301F-11D3-BF4B-00C04F79EFBC}") = "eQuantic.Core.Data.Benchmarks", "benchmarks\eQuantic.Core.Data.Benchmarks\eQuantic.Core.Data.Benchmarks.csproj", "{932F3756-ED2D-4402-BCF3-A2499A3B34D7}"
EndProject
Global
	GlobalSection(SolutionConfigurationPlatforms) = preSolution
		Debug|Any CPU = Debug|Any CPU
		Debug|x64 = Debug|x64
		Debug|x86 = Debug|x86
		Release|Any CPU = Release|Any CPU
		Release|x64 = Release|x64
		Release|x86 = Release|x86
	EndGlobalSection
	GlobalSection(ProjectConfigurationPlatforms) = postSolution
		{CB16F7E3-5CCA-4346-89F0-6E1CDEB81DFC}.Debug|Any CPU.ActiveCfg = Debug|Any CPU
		{CB16F7E3-5CCA-4346-89F0-6E1CDEB81DFC}.Debug|Any CPU.Build.0 = Debug|Any CPU
		{CB16F7E3-5CCA-4346-89F0-6E1CDEB81DFC}.Debug|x64.ActiveCfg = Debug|Any CPU
		{CB16F7E3-5CCA-4346-89F0-6E1CDEB81DFC}.Debug|x64.Build.0 = Debug|Any CPU
		{CB16F7E3-5CCA-4346-89F0-6E1CDEB81DFC}.Debug|x86.ActiveCfg = Debug|Any CPU
		{CB16F7E3-5CCA-4346-89F0-6E1CDEB81DFC}.Debug|x86.Build.0 = Debug|Any CPU
		{CB16F7E3-5CCA-4346-89F0-6E1CDEB81DFC}.Release|Any CPU.ActiveCfg = Release|Any CPU
		{CB16F7E3-5CCA-4346-89F0-6E1CDEB81DFC}.Release|Any CPU.Build.0 = Release|Any CPU
		{CB16F7E3-5CCA-4346-89F0-6E1CDEB81DFC}.Release|x64.ActiveCfg = Release|Any CPU
		{CB16F7E3-5CCA-4346-89F0-6E1CDEB81DFC}.Release|x64.Build.0 = Release|Any CPU
		{CB16F7E3-5CCA-4346-89F0-6E1CDEB81DFC}.Release|x86.ActiveCfg = Release|Any CPU
		{CB16F7E3-5CCA-4346-89F0-6E1CDEB81DFC}.Release|x86.Build.0 = Release|Any CPU
		{5CD06703-8195-4205-8C4D-63A42F45E401}.Debug|Any CPU.ActiveCfg = Debug|Any CPU
		{5CD06703-8195-4205-8C4D-63A42F45E401}.Debug|Any CPU.Build.0 = Debug|Any CPU
		{5CD06703-8195-4205-8C4D-63A42F45E401}.Debug|x64.ActiveCfg = Debug|Any CPU
		{5CD06703-8195-4205-8C4D-63A42F45E401}.Debug|x64.Build.0 = Debug|Any CPU
		{5CD06703-8195-4205-8C4D-63A42F45E401}.Debug|x86.ActiveCfg = Debug|Any CPU
		{5CD06703-8195-4205-8C4D-63A42F45E401}.Debug|x86.Build.0 = Debug|Any CPU
		{5CD06703-8195-4205-8C4D-63A42F45E401}.Release|Any CPU.ActiveCfg = Release|Any CPU
		{5CD06703-8195-4205-8C4D-63A42F45E401}.Release|Any CPU.Build.0 = Release|Any CPU
		{5CD06703-8195-4205-8C4D-63A42F45E401}.Release|x64.ActiveCfg = Release|Any CPU
		{5CD06703-8195-4205-8C4D-63A42F45E401}.Release|x64.Build.0 = Release|Any CPU
		{5CD06703-8195-4205-8C4D-63A42F45E401}.Release|x86.ActiveCfg = Release|Any CPU
		{5CD06703-8195-4205-8C4D-63A42F45E401}.Release|x86.Build.0 = Release|Any CPU
		{6BD9B78A-6061-4E30-8229-9482CB3D5DB5}.Debug|Any CPU.ActiveCfg = Debug|Any CPU
		{6BD9B78A-6061-4E30-8229-9482CB3D5DB5}.Debug|Any CPU.Build.0 = Debug|Any CPU
		{6BD9B78A-6061-4E30-8229-9482CB3D5DB5}.Debug|x64.ActiveCfg = Debug|Any CPU
		{6BD9B78A-6061-4E30-8229-9482CB3D5DB5}.Debug|x64.Build.0 = Debug|Any CPU
		{6BD9B78A-6061-4E30-8229-9482CB3D5DB5}.Debug|x86.ActiveCfg = Debug|Any CPU
		{6BD9B78A-6061-4E30-8229-9482CB3D5DB5}.Debug|x86.Build.0 = Debug|Any CPU
		{6BD9B78A-6061-4E30-8229-9482CB3D5DB5}.Release|Any CPU.ActiveCfg = Release|Any CPU
		{6BD9B78A-6061-4E30-8229-9482CB3D5DB5}.Release|Any CPU.Build.0 = Release|Any CPU
		{6BD9B78A-6061-4E30-8229-9482CB3D5DB5}.Release|x64.ActiveCfg = Release|Any CPU
		{6BD9B78A-6061-4E30-8229-9482CB3D5DB5}.Release|x64.Build.0 = Release|Any CPU
		{6BD9B78A-6061-4E30-8229-9482CB3D5DB5}.Release|x86.ActiveCfg = Release|Any CPU
		{6BD9B78A-6061-4E30-8229-9482CB3D5DB5}.Release|x86.Build.0 = Release|Any CPU
		{A938B4C7-A56E-4F10-A56A-9F3F1998FC1F}.Debug|Any CPU.ActiveCfg = Debug|Any CPU
		{A938B4C7-A56E-4F10-A56A-9F3F1998FC1F}.Debug|Any CPU.Build.0 = Debug|Any CPU
		{A938B4C7-A56E-4F10-A56A-9F3F1998FC1F}.Debug|x64.ActiveCfg = Debug|Any CPU
		{A938B4C7-A56E-4F10-A56A-9F3F1998FC1F}.Debug|x64.Build.0 = Debug|Any CPU
		{A938B4C7-A56E-4F10-A56A-9F3F1998FC1F}.Debug|x86.ActiveCfg = Debug|Any CPU
		{A938B4C7-A56E-4F10-A56A-9F3F1998FC1F}.Debug|x86.Build.0 = Debug|Any CPU
		{A938B4C7-A56E-4F10-A56A-9F3F1998FC1F}.Release|Any CPU.ActiveCfg = Release|Any CPU
		{A938B4C7-A56E-4F10-A56A-9F3F1998FC1F}.Release|Any CPU.Build.0 = Release|Any CPU
		{A938B4C7-A56E-4F10-A56A-9F3F1998FC1F}.Release|x64.ActiveCfg = Release|Any CPU
		{A938B4C7-A56E-4F10-A56A-9F3F1998FC1F}.Release|x64.Build.0 = Release|Any CPU
		{A938B4C7-A56E-4F10-A56A-9F3F1998FC1F}.Release|x86.ActiveCfg = Release|Any CPU
		{A938B4C7-A56E-4F10-A56A-9F3F1998FC1F}.Release|x86.Build.0 = Release|Any CPU
		{0AFDD3EC-93B7-4EEA-B384-064DD8FF4010}.Debug|Any CPU.ActiveCfg = Debug|Any CPU
		{0AFDD3EC-93B7-4EEA-B384-064DD8FF4010}.Debug|Any CPU.Build.0 = Debug|Any CPU
		{0AFDD3EC-93B7-4EEA-B384-064DD8FF4010}.Debug|x64.ActiveCfg = Debug|Any CPU
		{0AFDD3EC-93B7-4EEA-B384-064DD8FF4010}.Debug|x64.Build.0 = Debug|Any CPU
		{0AFDD3EC-93B7-4EEA-B384-064DD8FF4010}.Debug|x86.ActiveCfg = Debug|Any CPU
		{0AFDD3EC-93B7-4EEA-B384-064DD8FF4010}.Debug|x86.Build.0 = Debug|Any CPU
		{0AFDD3EC-93B7-4EEA-B384-064DD8FF4010}.Release|Any CPU.ActiveCfg = Release|Any CPU
		{0AFDD3EC-93B7-4EEA-B384-064DD8FF4010}.Release|Any CPU.Build.0 = Release|Any CPU
		{0AFDD3EC-93B7-4EEA-B384-064DD8FF4010}.Release|x64.ActiveCfg = Release|Any CPU
		{0AFDD3EC-93B7-4EEA-B384-064DD8FF4010}.Release|x64.Build.0 = Release|Any CPU
		{0AFDD3EC-93B7-4EEA-B384-064DD8FF4010}.Release|x86.ActiveCfg = Release|Any CPU
		{0AFDD3EC-93B7-4EEA-B384-064DD8FF4010}.Release|x86.Build.0 = Release|Any CPU
		{E0C6418A-0955-494D-ABDA-0F385E720802}.Debug|Any CPU.ActiveCfg = Debug|Any CPU
		{E0C6418A-0955-494D-ABDA-0F385E720802}.Debug|Any CPU.Build.0 = Debug|Any CPU
		{E0C6418A-0955-494D-ABDA-0F385E720802}.Debug|x64.ActiveCfg = Debug|Any CPU
		{E0C6418A-0955-494D-ABDA-0F385E720802}.Debug|x64.Build.0 = Debug|Any CPU
		{E0C6418A-0955-494D-ABDA-0F385E720802}.Debug|x86.ActiveCfg = Debug|Any CPU
		{E0C6418A-0955-494D-ABDA-0F385E720802}.Debug|x86.Build.0 = Debug|Any CPU
		{E0C6418A-0955-494D-ABDA-0F385E720802}.Release|Any CPU.ActiveCfg = Release|Any CPU
		{E0C6418A-0955-494D-ABDA-0F385E720802}.Release|Any CPU.Build.0 = Release|Any CPU
		{E0C6418A-0955-494D-ABDA-0F385E720802}.Release|x64.ActiveCfg = Release|Any CPU
		{E0C6418A-0955-494D-ABDA-0F385E720802}.Release|x64.Build.0 = Release|Any CPU
		{E0C6418A-0955-494D-ABDA-0F385E720802}.Release|x86.ActiveCfg = Release|Any CPU
		{E0C6418A-0955-494D-ABDA-0F385E720802}.Release|x86.Build.0 = Release|Any CPU
		{E705A7AD-5776-4268-902F-F4E563BD653E}.Debug|Any CPU.ActiveCfg = Debug|Any CPU
		{E705A7AD-5776-4268-902F-F4E563BD653E}.Debug|Any CPU.Build.0 = Debug|Any CPU
		{E705A7AD-5776-4268-902F-F4E563BD653E}.Debug|x64.ActiveCfg = Debug|Any CPU
		{E705A7AD-5776-4268-902F-F4E563BD653E}.Debug|x64.Build.0 = Debug|Any CPU
		{E705A7AD-5776-4268-902F-F4E563BD653E}.Debug|x86.ActiveCfg = Debug|Any CPU
		{E705A7AD-5776-4268-902F-F4E563BD653E}.Debug|x86.Build.0 = Debug|Any CPU
		{E705A7AD-5776-4268-902F-F4E563BD653E}.Release|Any CPU.ActiveCfg = Release|Any CPU
		{E705A7AD-5776-4268-902F-F4E563BD653E}.Release|Any CPU.Build.0 = Release|Any CPU
		{E705A7AD-5776-4268-902F-F4E563BD653E}.Release|x64.ActiveCfg = Release|Any CPU
		{E705A7AD-5776-4268-902F-F4E563BD653E}.Release|x64.Build.0 = Release|Any CPU
		{E705A7AD-5776-4268-902F-F4E563BD653E}.Release|x86.ActiveCfg = Release|Any CPU
		{E705A7AD-5776-4268-902F-F4E563BD653E}.Release|x86.Build.0 = Release|Any CPU
		{0A620774-113D-4F24-8CEA-F66FB9AA7148}.Debug|Any CPU.ActiveCfg = Debug|Any CPU
		{0A620774-113D-4F24-8CEA-F66FB9AA7148}.Debug|Any CPU.Build.0 = Debug|Any CPU
		{0A620774-113D-4F24-8CEA-F66FB9AA7148}.Debug|x64.ActiveCfg = Debug|Any CPU
		{0A620774-113D-4F24-8CEA-F66FB9AA7148}.Debug|x64.Build.0 = Debug|Any CPU
		{0A620774-113D-4F24-8CEA-F66FB9AA7148}.Debug|x86.ActiveCfg = Debug|Any CPU
		{0A620774-113D-4F24-8CEA-F66FB9AA7148}.Debug|x86.Build.0 = Debug|Any CPU
		{0A620774-113D-4F24-8CEA-F66FB9AA7148}.Release|Any CPU.ActiveCfg = Release|Any CPU
		{0A620774-113D-4F24-8CEA-F66FB9AA7148}.Release|Any CPU.Build.0 = Release|Any CPU
		{0A620774-113D-4F24-8CEA-F66FB9AA7148}.Release|x64.ActiveCfg = Release|Any CPU
		{0A620774-113D-4F24-8CEA-F66FB9AA7148}.Release|x64.Build.0 = Release|Any CPU
		{0A620774-113D-4F24-8CEA-F66FB9AA7148}.Release|x86.ActiveCfg = Release|Any CPU
		{0A620774-113D-4F24-8CEA-F66FB9AA7148}.Release|x86.Build.0 = Release|Any CPU
		{932F3756-ED2D-4402-BCF3-A2499A3B34D7}.Debug|Any CPU.ActiveCfg = Debug|Any CPU
		{932F3756-ED2D-4402-BCF3-A2499A3B34D7}.Debug|Any CPU.Build.0 = Debug|Any CPU
		{932F3756-ED2D-4402-BCF3-A2499A3B34D7}.Debug|x64.ActiveCfg = Debug|Any CPU
		{932F3756-ED2D-4402-BCF3-A2499A3B34D7}.Debug|x64.Build.0 = Debug|Any CPU
		{932F3756-ED2D-4402-BCF3-A2499A3B34D7}.Debug|x86.ActiveCfg = Debug|Any CPU
		{932F3756-ED2D-4402-BCF3-A2499A3B34D7}.Debug|x86.Build.0 = Debug|Any CPU
		{932F3756-ED2D-4402-BCF3-A2499A3B34D7}.Release|Any CPU.ActiveCfg = Release|Any CPU
		{932F3756-ED2D-4402-BCF3-A2499A3B34D7}.Release|Any CPU.Build.0 = Release|Any CPU
		{932F3756-ED2D-4402-BCF3-A2499A3B34D7}.Release|x64.ActiveCfg = Release|Any CPU
		{932F3756-ED2D-4402-BCF3-A2499A3B34D7}.Release|x64.Build.0 = Release|Any CPU
		{932F3756-ED2D-4402-BCF3-A2499A3B34D7}.Release|x86.ActiveCfg = Release|Any CPU
		{932F3756-ED2D-4402-BCF3-A2499A3B34D7}.Release|x86.Build.0 = Release|Any CPU
	EndGlobalSection
	GlobalSection(SolutionProperties) = preSolution
		HideSolutionNode = FALSE
	EndGlobalSection
	GlobalSection(NestedProjects) = preSolution
		{CB16F7E3-5CCA-4346-89F0-6E1CDEB81DFC} = {0CA2F610-6D57-4D1F-92E3-EDCCEDAD8297}
		{5CD06703-8195-4205-8C4D-63A42F45E401} = {0CA2F610-6D57-4D1F-92E3-EDCCEDAD8297}
		{6BD9B78A-6061-4E30-8229-9482CB3D5DB5} = {0AB3BF05-4346-4AA6-1389-037BE0695223}
		{A938B4C7-A56E-4F10-A56A-9F3F1998FC1F} = {0CA2F610-6D57-4D1F-92E3-EDCCEDAD8297}
		{0AFDD3EC-93B7-4EEA-B384-064DD8FF4010} = {0AB3BF05-4346-4AA6-1389-037BE0695223}
		{E0C6418A-0955-494D-ABDA-0F385E720802} = {0CA2F610-6D57-4D1F-92E3-EDCCEDAD8297}
		{E705A7AD-5776-4268-902F-F4E563BD653E} = {0AB3BF05-4346-4AA6-1389-037BE0695223}
		{0A620774-113D-4F24-8CEA-F66FB9AA7148} = {0AB3BF05-4346-4AA6-1389-037BE0695223}
		{932F3756-ED2D-4402-BCF3-A2499A3B34D7} = {66320409-64EC-F7C5-3DEF-65E7510DAAD1}
	EndGlobalSection
	GlobalSection(ExtensibilityGlobals) = postSolution
		SolutionGuid = {078A17B1-EA82-4456-81BD-A5714F83ADFC}
	EndGlobalSection
EndGlobal
